
Microsoft Visual Studio Solution File, Format Version 12.00
# Visual Studio Version 17
VisualStudioVersion = 17.14.36109.1
MinimumVisualStudioVersion = 10.0.40219.1
Project("{FAE04EC0-301F-11D3-BF4B-00C04F79EFBC}") = "AppNumeroDaSorte", "AppNumeroDaSorte\AppNumeroDaSorte.csproj", "{F585AAA0-8ECD-4D7A-9458-3CFA41165BD9}"
EndProject
Project("{2150E333-8FDC-42A3-9474-1A3956D46DE8}") = "App 01", "App 01", "{02EA681E-C7D8-13C7-8484-4AC65E1B71E8}"
EndProject
Project("{2150E333-8FDC-42A3-9474-1A3956D46DE8}") = "App02", "App02", "{E2EFE078-291B-4409-8CA2-344E1B870771}"
EndProject
Project("{FAE04EC0-301F-11D3-BF4B-00C04F79EFBC}") = "AppContentPage", "AppContentPage\AppContentPage.csproj", "{CA4AB6DD-CE29-4423-A132-17644AD83CC7}"
EndProject
Project("{FAE04EC0-301F-11D3-BF4B-00C04F79EFBC}") = "AppNavigationPage", "AppNavigationPage\AppNavigationPage.csproj", "{46FA6A47-664F-4A3C-A33A-532B62AF333F}"
EndProject
Project("{FAE04EC0-301F-11D3-BF4B-00C04F79EFBC}") = "AppFlyoutPage", "AppFlyoutPage\AppFlyoutPage.csproj", "{38E986DA-B565-43BE-B5EC-4E6693166B67}"
EndProject
Project("{FAE04EC0-301F-11D3-BF4B-00C04F79EFBC}") = "AppTabbedPage", "AppTabbedPage\AppTabbedPage.csproj", "{BBC59700-25C0-4F62-8880-7A3311DAD3B4}"
EndProject
Global
	GlobalSection(SolutionConfigurationPlatforms) = preSolution
		Debug|Any CPU = Debug|Any CPU
		Release|Any CPU = Release|Any CPU
	EndGlobalSection
	GlobalSection(ProjectConfigurationPlatforms) = postSolution
		{F585AAA0-8ECD-4D7A-9458-3CFA41165BD9}.Debug|Any CPU.ActiveCfg = Debug|Any CPU
		{F585AAA0-8ECD-4D7A-9458-3CFA41165BD9}.Debug|Any CPU.Build.0 = Debug|Any CPU
		{F585AAA0-8ECD-4D7A-9458-3CFA41165BD9}.Debug|Any CPU.Deploy.0 = Debug|Any CPU
		{F585AAA0-8ECD-4D7A-9458-3CFA41165BD9}.Release|Any CPU.ActiveCfg = Release|Any CPU
		{F585AAA0-8ECD-4D7A-9458-3CFA41165BD9}.Release|Any CPU.Build.0 = Release|Any CPU
		{CA4AB6DD-CE29-4423-A132-17644AD83CC7}.Debug|Any CPU.ActiveCfg = Debug|Any CPU
		{CA4AB6DD-CE29-4423-A132-17644AD83CC7}.Debug|Any CPU.Build.0 = Debug|Any CPU
		{CA4AB6DD-CE29-4423-A132-17644AD83CC7}.Debug|Any CPU.Deploy.0 = Debug|Any CPU
		{CA4AB6DD-CE29-4423-A132-17644AD83CC7}.Release|Any CPU.ActiveCfg = Release|Any CPU
		{CA4AB6DD-CE29-4423-A132-17644AD83CC7}.Release|Any CPU.Build.0 = Release|Any CPU
		{CA4AB6DD-CE29-4423-A132-17644AD83CC7}.Release|Any CPU.Deploy.0 = Release|Any CPU
		{46FA6A47-664F-4A3C-A33A-532B62AF333F}.Debug|Any CPU.ActiveCfg = Debug|Any CPU
		{46FA6A47-664F-4A3C-A33A-532B62AF333F}.Debug|Any CPU.Build.0 = Debug|Any CPU
		{46FA6A47-664F-4A3C-A33A-532B62AF333F}.Debug|Any CPU.Deploy.0 = Debug|Any CPU
		{46FA6A47-664F-4A3C-A33A-532B62AF333F}.Release|Any CPU.ActiveCfg = Release|Any CPU
		{46FA6A47-664F-4A3C-A33A-532B62AF333F}.Release|Any CPU.Build.0 = Release|Any CPU
		{46FA6A47-664F-4A3C-A33A-532B62AF333F}.Release|Any CPU.Deploy.0 = Release|Any CPU
		{38E986DA-B565-43BE-B5EC-4E6693166B67}.Debug|Any CPU.ActiveCfg = Debug|Any CPU
		{38E986DA-B565-43BE-B5EC-4E6693166B67}.Debug|Any CPU.Build.0 = Debug|Any CPU
		{38E986DA-B565-43BE-B5EC-4E6693166B67}.Debug|Any CPU.Deploy.0 = Debug|Any CPU
		{38E986DA-B565-43BE-B5EC-4E6693166B67}.Release|Any CPU.ActiveCfg = Release|Any CPU
		{38E986DA-B565-43BE-B5EC-4E6693166B67}.Release|Any CPU.Build.0 = Release|Any CPU
		{38E986DA-B565-43BE-B5EC-4E6693166B67}.Release|Any CPU.Deploy.0 = Release|Any CPU
		{BBC59700-25C0-4F62-8880-7A3311DAD3B4}.Debug|Any CPU.ActiveCfg = Debug|Any CPU
		{BBC59700-25C0-4F62-8880-7A3311DAD3B4}.Debug|Any CPU.Build.0 = Debug|Any CPU
		{BBC59700-25C0-4F62-8880-7A3311DAD3B4}.Debug|Any CPU.Deploy.0 = Debug|Any CPU
		{BBC59700-25C0-4F62-8880-7A3311DAD3B4}.Release|Any CPU.ActiveCfg = Release|Any CPU
		{BBC59700-25C0-4F62-8880-7A3311DAD3B4}.Release|Any CPU.Build.0 = Release|Any CPU
		{BBC59700-25C0-4F62-8880-7A3311DAD3B4}.Release|Any CPU.Deploy.0 = Release|Any CPU
	EndGlobalSection
	GlobalSection(SolutionProperties) = preSolution
		HideSolutionNode = FALSE
	EndGlobalSection
	GlobalSection(NestedProjects) = preSolution
		{F585AAA0-8ECD-4D7A-9458-3CFA41165BD9} = {02EA681E-C7D8-13C7-8484-4AC65E1B71E8}
		{CA4AB6DD-CE29-4423-A132-17644AD83CC7} = {E2EFE078-291B-4409-8CA2-344E1B870771}
		{46FA6A47-664F-4A3C-A33A-532B62AF333F} = {E2EFE078-291B-4409-8CA2-344E1B870771}
		{38E986DA-B565-43BE-B5EC-4E6693166B67} = {E2EFE078-291B-4409-8CA2-344E1B870771}
		{BBC59700-25C0-4F62-8880-7A3311DAD3B4} = {E2EFE078-291B-4409-8CA2-344E1B870771}
	EndGlobalSection
	GlobalSection(ExtensibilityGlobals) = postSolution
		SolutionGuid = {FDC7F17C-2402-4640-87E9-8943FBEF22CF}
	EndGlobalSection
EndGlobal
